
Microsoft Visual Studio Solution File, Format Version 12.00
# Visual Studio Version 16
VisualStudioVersion = 16.0.30309.148
MinimumVisualStudioVersion = 10.0.40219.1
Project("{9A19103F-16F7-4668-BE54-9A1E7A4F7556}") = "Calculator", "Calculator\Calculator.csproj", "{41A7F07A-2B8B-44CF-94AE-B9C118F872CD}"
EndProject
Global
	GlobalSection(SolutionConfigurationPlatforms) = preSolution
		Debug|Any CPU = Debug|Any CPU
		Release|Any CPU = Release|Any CPU
	EndGlobalSection
	GlobalSection(ProjectConfigurationPlatforms) = postSolution
		{41A7F07A-2B8B-44CF-94AE-B9C118F872CD}.Debug|Any CPU.ActiveCfg = Debug|Any CPU
		{41A7F07A-2B8B-44CF-94AE-B9C118F872CD}.Debug|Any CPU.Build.0 = Debug|Any CPU
		{41A7F07A-2B8B-44CF-94AE-B9C118F872CD}.Release|Any CPU.ActiveCfg = Release|Any CPU
		{41A7F07A-2B8B-44CF-94AE-B9C118F872CD}.Release|Any CPU.Build.0 = Release|Any CPU
	EndGlobalSection
	GlobalSection(SolutionProperties) = preSolution
		HideSolutionNode = FALSE
	EndGlobalSection
	GlobalSection(ExtensibilityGlobals) = postSolution
		SolutionGuid = {E0C6880C-1DBC-48FF-96B8-6B1C188FA9D1}
	EndGlobalSection
EndGlobal
